
Microsoft Visual Studio Solution File, Format Version 12.00
# Visual Studio 15
VisualStudioVersion = 15.0.28307.136
MinimumVisualStudioVersion = 10.0.40219.1
Project("{FAE04EC0-301F-11D3-BF4B-00C04F79EFBC}") = "TESTDAT", "TESTDAT\TESTDAT.csproj", "{03D839F7-53CE-4916-8E4B-41B017B7B092}"
EndProject
Global
	GlobalSection(SolutionConfigurationPlatforms) = preSolution
		Debug|Any CPU = Debug|Any CPU
		Release|Any CPU = Release|Any CPU
	EndGlobalSection
	GlobalSection(ProjectConfigurationPlatforms) = postSolution
		{03D839F7-53CE-4916-8E4B-41B017B7B092}.Debug|Any CPU.ActiveCfg = Debug|Any CPU
		{03D839F7-53CE-4916-8E4B-41B017B7B092}.Debug|Any CPU.Build.0 = Debug|Any CPU
		{03D839F7-53CE-4916-8E4B-41B017B7B092}.Release|Any CPU.ActiveCfg = Release|Any CPU
		{03D839F7-53CE-4916-8E4B-41B017B7B092}.Release|Any CPU.Build.0 = Release|Any CPU
	EndGlobalSection
	GlobalSection(SolutionProperties) = preSolution
		HideSolutionNode = FALSE
	EndGlobalSection
	GlobalSection(ExtensibilityGlobals) = postSolution
		SolutionGuid = {C15B1AD1-E181-4256-8D11-EBF74853BE8D}
	EndGlobalSection
EndGlobal
